
Microsoft Visual Studio Solution File, Format Version 12.00
# Visual Studio 15
VisualStudioVersion = 15.0.28307.1972
MinimumVisualStudioVersion = 10.0.40219.1
Project("{FAE04EC0-301F-11D3-BF4B-00C04F79EFBC}") = "Assignment1", "Assignment1\Assignment1.csproj", "{451ECD61-EA3B-4D8B-B53A-9C6001AB3AB8}"
EndProject
Global
	GlobalSection(SolutionConfigurationPlatforms) = preSolution
		Debug|Any CPU = Debug|Any CPU
		Release|Any CPU = Release|Any CPU
	EndGlobalSection
	GlobalSection(ProjectConfigurationPlatforms) = postSolution
		{451ECD61-EA3B-4D8B-B53A-9C6001AB3AB8}.Debug|Any CPU.ActiveCfg = Debug|Any CPU
		{451ECD61-EA3B-4D8B-B53A-9C6001AB3AB8}.Debug|Any CPU.Build.0 = Debug|Any CPU
		{451ECD61-EA3B-4D8B-B53A-9C6001AB3AB8}.Release|Any CPU.ActiveCfg = Release|Any CPU
		{451ECD61-EA3B-4D8B-B53A-9C6001AB3AB8}.Release|Any CPU.Build.0 = Release|Any CPU
	EndGlobalSection
	GlobalSection(SolutionProperties) = preSolution
		HideSolutionNode = FALSE
	EndGlobalSection
	GlobalSection(ExtensibilityGlobals) = postSolution
		SolutionGuid = {0343CA87-B248-4FC3-A392-CB152852E51B}
	EndGlobalSection
EndGlobal
